
Microsoft Visual Studio Solution File, Format Version 12.00
# Visual Studio Version 17
VisualStudioVersion = 17.5.33516.290
MinimumVisualStudioVersion = 10.0.40219.1
Project("{FAE04EC0-301F-11D3-BF4B-00C04F79EFBC}") = "GelirGiderTakip", "GelirGiderTakip\GelirGiderTakip.csproj", "{25249FFF-C8AD-4F5A-9BD7-9CB071A71C10}"
EndProject
Global
	GlobalSection(SolutionConfigurationPlatforms) = preSolution
		Debug|Any CPU = Debug|Any CPU
		Release|Any CPU = Release|Any CPU
	EndGlobalSection
	GlobalSection(ProjectConfigurationPlatforms) = postSolution
		{25249FFF-C8AD-4F5A-9BD7-9CB071A71C10}.Debug|Any CPU.ActiveCfg = Debug|Any CPU
		{25249FFF-C8AD-4F5A-9BD7-9CB071A71C10}.Debug|Any CPU.Build.0 = Debug|Any CPU
		{25249FFF-C8AD-4F5A-9BD7-9CB071A71C10}.Release|Any CPU.ActiveCfg = Release|Any CPU
		{25249FFF-C8AD-4F5A-9BD7-9CB071A71C10}.Release|Any CPU.Build.0 = Release|Any CPU
	EndGlobalSection
	GlobalSection(SolutionProperties) = preSolution
		HideSolutionNode = FALSE
	EndGlobalSection
	GlobalSection(ExtensibilityGlobals) = postSolution
		SolutionGuid = {2656EAFE-F653-4ECA-856F-43456B88BFBD}
	EndGlobalSection
EndGlobal
